// !$*UTF8*$!
{
	archiveVersion = 1;
	classes = {
	};
	objectVersion = 46;
	objects = {

/* Begin PBXBuildFile section */
		C415F95A1DC3492400E23570 /* main.m in Sources */ = {isa = PBXBuildFile; fileRef = C415F9591DC3492400E23570 /* main.m */; };
		C415F9631DC3492400E23570 /* Main.storyboard in Resources */ = {isa = PBXBuildFile; fileRef = C415F9611DC3492400E23570 /* Main.storyboard */; };
		C415F9651DC3492400E23570 /* Assets.xcassets in Resources */ = {isa = PBXBuildFile; fileRef = C415F9641DC3492400E23570 /* Assets.xcassets */; };
		C415F9681DC3492400E23570 /* LaunchScreen.storyboard in Resources */ = {isa = PBXBuildFile; fileRef = C415F9661DC3492400E23570 /* LaunchScreen.storyboard */; };
		C415F9731DC3492400E23570 /* IOS__Tests.m in Sources */ = {isa = PBXBuildFile; fileRef = C415F9721DC3492400E23570 /* IOS__Tests.m */; };
		C415F97E1DC3492400E23570 /* IOS__UITests.m in Sources */ = {isa = PBXBuildFile; fileRef = C415F97D1DC3492400E23570 /* IOS__UITests.m */; };
		C415F9911DC3496200E23570 /* AppDelegate.m in Sources */ = {isa = PBXBuildFile; fileRef = C415F98C1DC3496200E23570 /* AppDelegate.m */; };
		C415F9921DC3496200E23570 /* ViewController.m in Sources */ = {isa = PBXBuildFile; fileRef = C415F98E1DC3496200E23570 /* ViewController.m */; };
		C415F9931DC3496200E23570 /* MainViewController.m in Sources */ = {isa = PBXBuildFile; fileRef = C415F9901DC3496200E23570 /* MainViewController.m */; };
		C415F9951DC3496C00E23570 /* QuartzCore.framework in Frameworks */ = {isa = PBXBuildFile; fileRef = C415F9941DC3496C00E23570 /* QuartzCore.framework */; };
		C4C5C1A81DC6DC650091566A /* 1.png in Resources */ = {isa = PBXBuildFile; fileRef = C4C5C1A71DC6DC650091566A /* 1.png */; };
		C4C5C1AA1DC7288A0091566A /* shan.png in Resources */ = {isa = PBXBuildFile; fileRef = C4C5C1A91DC7288A0091566A /* shan.png */; };
/* End PBXBuildFile section */

/* Begin PBXContainerItemProxy section */
		C415F96F1DC3492400E23570 /* PBXContainerItemProxy */ = {
			isa = PBXContainerItemProxy;
			containerPortal = C415F94D1DC3492400E23570 /* Project object */;
			proxyType = 1;
			remoteGlobalIDString = C415F9541DC3492400E23570;
			remoteInfo = "IOS扫描";
		};
		C415F97A1DC3492400E23570 /* PBXContainerItemProxy */ = {
			isa = PBXContainerItemProxy;
			containerPortal = C415F94D1DC3492400E23570 /* Project object */;
			proxyType = 1;
			remoteGlobalIDString = C415F9541DC3492400E23570;
			remoteInfo = "IOS扫描";
		};
/* End PBXContainerItemProxy section */

/* Begin PBXFileReference section */
		C415F9551DC3492400E23570 /* IOS扫描.app */ = {isa = PBXFileReference; explicitFileType = wrapper.application; includeInIndex = 0; path = "IOS扫描.app"; sourceTree = BUILT_PRODUCTS_DIR; };
		C415F9591DC3492400E23570 /* main.m */ = {isa = PBXFileReference; lastKnownFileType = sourcecode.c.objc; path = main.m; sourceTree = "<group>"; };
		C415F9621DC3492400E23570 /* Base */ = {isa = PBXFileReference; lastKnownFileType = file.storyboard; name = Base; path = Base.lproj/Main.storyboard; sourceTree = "<group>"; };
		C415F9641DC3492400E23570 /* Assets.xcassets */ = {isa = PBXFileReference; lastKnownFileType = folder.assetcatalog; path = Assets.xcassets; sourceTree = "<group>"; };
		C415F9671DC3492400E23570 /* Base */ = {isa = PBXFileReference; lastKnownFileType = file.storyboard; name = Base; path = Base.lproj/LaunchScreen.storyboard; sourceTree = "<group>"; };
		C415F9691DC3492400E23570 /* Info.plist */ = {isa = PBXFileReference; lastKnownFileType = text.plist.xml; path = Info.plist; sourceTree = "<group>"; };
		C415F96E1DC3492400E23570 /* IOS扫描Tests.xctest */ = {isa = PBXFileReference; explicitFileType = wrapper.cfbundle; includeInIndex = 0; path = "IOS扫描Tests.xctest"; sourceTree = BUILT_PRODUCTS_DIR; };
		C415F9721DC3492400E23570 /* IOS__Tests.m */ = {isa = PBXFileReference; lastKnownFileType = sourcecode.c.objc; path = IOS__Tests.m; sourceTree = "<group>"; };
		C415F9741DC3492400E23570 /* Info.plist */ = {isa = PBXFileReference; lastKnownFileType = text.plist.xml; path = Info.plist; sourceTree = "<group>"; };
		C415F9791DC3492400E23570 /* IOS扫描UITests.xctest */ = {isa = PBXFileReference; explicitFileType = wrapper.cfbundle; includeInIndex = 0; path = "IOS扫描UITests.xctest"; sourceTree = BUILT_PRODUCTS_DIR; };
		C415F97D1DC3492400E23570 /* IOS__UITests.m */ = {isa = PBXFileReference; lastKnownFileType = sourcecode.c.objc; path = IOS__UITests.m; sourceTree = "<group>"; };
		C415F97F1DC3492400E23570 /* Info.plist */ = {isa = PBXFileReference; lastKnownFileType = text.plist.xml; path = Info.plist; sourceTree = "<group>"; };
		C415F98B1DC3496200E23570 /* AppDelegate.h */ = {isa = PBXFileReference; fileEncoding = 4; lastKnownFileType = sourcecode.c.h; path = AppDelegate.h; sourceTree = "<group>"; };
		C415F98C1DC3496200E23570 /* AppDelegate.m */ = {isa = PBXFileReference; fileEncoding = 4; lastKnownFileType = sourcecode.c.objc; path = AppDelegate.m; sourceTree = "<group>"; };
		C415F98D1DC3496200E23570 /* ViewController.h */ = {isa = PBXFileReference; fileEncoding = 4; lastKnownFileType = sourcecode.c.h; path = ViewController.h; sourceTree = "<group>"; };
		C415F98E1DC3496200E23570 /* ViewController.m */ = {isa = PBXFileReference; fileEncoding = 4; lastKnownFileType = sourcecode.c.objc; path = ViewController.m; sourceTree = "<group>"; };
		C415F98F1DC3496200E23570 /* MainViewController.h */ = {isa = PBXFileReference; fileEncoding = 4; lastKnownFileType = sourcecode.c.h; path = MainViewController.h; sourceTree = "<group>"; };
		C415F9901DC3496200E23570 /* MainViewController.m */ = {isa = PBXFileReference; fileEncoding = 4; lastKnownFileType = sourcecode.c.objc; path = MainViewController.m; sourceTree = "<group>"; };
		C415F9941DC3496C00E23570 /* QuartzCore.framework */ = {isa = PBXFileReference; lastKnownFileType = wrapper.framework; path = QuartzCore.framework; sourceTree = "<group>"; };
		C4C5C1A71DC6DC650091566A /* 1.png */ = {isa = PBXFileReference; lastKnownFileType = image.png; name = 1.png; path = ../1.png; sourceTree = "<group>"; };
		C4C5C1A91DC7288A0091566A /* shan.png */ = {isa = PBXFileReference; lastKnownFileType = image.png; path = shan.png; sourceTree = "<group>"; };
/* End PBXFileReference section */

/* Begin PBXFrameworksBuildPhase section */
		C415F9521DC3492400E23570 /* Frameworks */ = {
			isa = PBXFrameworksBuildPhase;
			buildActionMask = 2147483647;
			files = (
				C415F9951DC3496C00E23570 /* QuartzCore.framework in Frameworks */,
			);
			runOnlyForDeploymentPostprocessing = 0;
		};
		C415F96B1DC3492400E23570 /* Frameworks */ = {
			isa = PBXFrameworksBuildPhase;
			buildActionMask = 2147483647;
			files = (
			);
			runOnlyForDeploymentPostprocessing = 0;
		};
		C415F9761DC3492400E23570 /* Frameworks */ = {
			isa = PBXFrameworksBuildPhase;
			buildActionMask = 2147483647;
			files = (
			);
			runOnlyForDeploymentPostprocessing = 0;
		};
/* End PBXFrameworksBuildPhase section */

/* Begin PBXGroup section */
		C415F94C1DC3492400E23570 = {
			isa = PBXGroup;
			children = (
				C415F9941DC3496C00E23570 /* QuartzCore.framework */,
				C415F9571DC3492400E23570 /* IOS扫描 */,
				C415F9711DC3492400E23570 /* IOS扫描Tests */,
				C415F97C1DC3492400E23570 /* IOS扫描UITests */,
				C415F9561DC3492400E23570 /* Products */,
			);
			sourceTree = "<group>";
		};
		C415F9561DC3492400E23570 /* Products */ = {
			isa = PBXGroup;
			children = (
				C415F9551DC3492400E23570 /* IOS扫描.app */,
				C415F96E1DC3492400E23570 /* IOS扫描Tests.xctest */,
				C415F9791DC3492400E23570 /* IOS扫描UITests.xctest */,
			);
			name = Products;
			sourceTree = "<group>";
		};
		C415F9571DC3492400E23570 /* IOS扫描 */ = {
			isa = PBXGroup;
			children = (
				C415F98B1DC3496200E23570 /* AppDelegate.h */,
				C415F98C1DC3496200E23570 /* AppDelegate.m */,
				C415F98D1DC3496200E23570 /* ViewController.h */,
				C415F98E1DC3496200E23570 /* ViewController.m */,
				C415F98F1DC3496200E23570 /* MainViewController.h */,
				C415F9901DC3496200E23570 /* MainViewController.m */,
				C415F9611DC3492400E23570 /* Main.storyboard */,
				C415F9641DC3492400E23570 /* Assets.xcassets */,
				C415F9661DC3492400E23570 /* LaunchScreen.storyboard */,
				C415F9691DC3492400E23570 /* Info.plist */,
				C4C5C1A71DC6DC650091566A /* 1.png */,
				C4C5C1A91DC7288A0091566A /* shan.png */,
				C415F9581DC3492400E23570 /* Supporting Files */,
			);
			path = "IOS扫描";
			sourceTree = "<group>";
		};
		C415F9581DC3492400E23570 /* Supporting Files */ = {
			isa = PBXGroup;
			children = (
				C415F9591DC3492400E23570 /* main.m */,
			);
			name = "Supporting Files";
			sourceTree = "<group>";
		};
		C415F9711DC3492400E23570 /* IOS扫描Tests */ = {
			isa = PBXGroup;
			children = (
				C415F9721DC3492400E23570 /* IOS__Tests.m */,
				C415F9741DC3492400E23570 /* Info.plist */,
			);
			path = "IOS扫描Tests";
			sourceTree = "<group>";
		};
		C415F97C1DC3492400E23570 /* IOS扫描UITests */ = {
			isa = PBXGroup;
			children = (
				C415F97D1DC3492400E23570 /* IOS__UITests.m */,
				C415F97F1DC3492400E23570 /* Info.plist */,
			);
			path = "IOS扫描UITests";
			sourceTree = "<group>";
		};
/* End PBXGroup section */

/* Begin PBXNativeTarget section */
		C415F9541DC3492400E23570 /* IOS扫描 */ = {
			isa = PBXNativeTarget;
			buildConfigurationList = C415F9821DC3492400E23570 /* Build configuration list for PBXNativeTarget "IOS扫描" */;
			buildPhases = (
				C415F9511DC3492400E23570 /* Sources */,
				C415F9521DC3492400E23570 /* Frameworks */,
				C415F9531DC3492400E23570 /* Resources */,
			);
			buildRules = (
			);
			dependencies = (
			);
			name = "IOS扫描";
			productName = "IOS扫描";
			productReference = C415F9551DC3492400E23570 /* IOS扫描.app */;
			productType = "com.apple.product-type.application";
		};
		C415F96D1DC3492400E23570 /* IOS扫描Tests */ = {
			isa = PBXNativeTarget;
			buildConfigurationList = C415F9851DC3492400E23570 /* Build configuration list for PBXNativeTarget "IOS扫描Tests" */;
			buildPhases = (
				C415F96A1DC3492400E23570 /* Sources */,
				C415F96B1DC3492400E23570 /* Frameworks */,
				C415F96C1DC3492400E23570 /* Resources */,
			);
			buildRules = (
			);
			dependencies = (
				C415F9701DC3492400E23570 /* PBXTargetDependency */,
			);
			name = "IOS扫描Tests";
			productName = "IOS扫描Tests";
			productReference = C415F96E1DC3492400E23570 /* IOS扫描Tests.xctest */;
			productType = "com.apple.product-type.bundle.unit-test";
		};
		C415F9781DC3492400E23570 /* IOS扫描UITests */ = {
			isa = PBXNativeTarget;
			buildConfigurationList = C415F9881DC3492400E23570 /* Build configuration list for PBXNativeTarget "IOS扫描UITests" */;
			buildPhases = (
				C415F9751DC3492400E23570 /* Sources */,
				C415F9761DC3492400E23570 /* Frameworks */,
				C415F9771DC3492400E23570 /* Resources */,
			);
			buildRules = (
			);
			dependencies = (
				C415F97B1DC3492400E23570 /* PBXTargetDependency */,
			);
			name = "IOS扫描UITests";
			productName = "IOS扫描UITests";
			productReference = C415F9791DC3492400E23570 /* IOS扫描UITests.xctest */;
			productType = "com.apple.product-type.bundle.ui-testing";
		};
/* End PBXNativeTarget section */

/* Begin PBXProject section */
		C415F94D1DC3492400E23570 /* Project object */ = {
			isa = PBXProject;
			attributes = {
				LastUpgradeCheck = 0810;
				ORGANIZATIONNAME = aqing;
				TargetAttributes = {
					C415F9541DC3492400E23570 = {
						CreatedOnToolsVersion = 8.1;
						DevelopmentTeam = FPBPA9HHMY;
						ProvisioningStyle = Automatic;
					};
					C415F96D1DC3492400E23570 = {
						CreatedOnToolsVersion = 8.1;
						DevelopmentTeam = FPBPA9HHMY;
						ProvisioningStyle = Automatic;
						TestTargetID = C415F9541DC3492400E23570;
					};
					C415F9781DC3492400E23570 = {
						CreatedOnToolsVersion = 8.1;
						DevelopmentTeam = FPBPA9HHMY;
						ProvisioningStyle = Automatic;
						TestTargetID = C415F9541DC3492400E23570;
					};
				};
			};
			buildConfigurationList = C415F9501DC3492400E23570 /* Build configuration list for PBXProject "IOS扫描" */;
			compatibilityVersion = "Xcode 3.2";
			developmentRegion = English;
			hasScannedForEncodings = 0;
			knownRegions = (
				en,
				Base,
			);
			mainGroup = C415F94C1DC3492400E23570;
			productRefGroup = C415F9561DC3492400E23570 /* Products */;
			projectDirPath = "";
			projectRoot = "";
			targets = (
				C415F9541DC3492400E23570 /* IOS扫描 */,
				C415F96D1DC3492400E23570 /* IOS扫描Tests */,
				C415F9781DC3492400E23570 /* IOS扫描UITests */,
			);
		};
/* End PBXProject section */

/* Begin PBXResourcesBuildPhase section */
		C415F9531DC3492400E23570 /* Resources */ = {
			isa = PBXResourcesBuildPhase;
			buildActionMask = 2147483647;
			files = (
				C415F9681DC3492400E23570 /* LaunchScreen.storyboard in Resources */,
				C4C5C1A81DC6DC650091566A /* 1.png in Resources */,
				C415F9651DC3492400E23570 /* Assets.xcassets in Resources */,
				C415F9631DC3492400E23570 /* Main.storyboard in Resources */,
				C4C5C1AA1DC7288A0091566A /* shan.png in Resources */,
			);
			runOnlyForDeploymentPostprocessing = 0;
		};
		C415F96C1DC3492400E23570 /* Resources */ = {
			isa = PBXResourcesBuildPhase;
			buildActionMask = 2147483647;
			files = (
			);
			runOnlyForDeploymentPostprocessing = 0;
		};
		C415F9771DC3492400E23570 /* Resources */ = {
			isa = PBXResourcesBuildPhase;
			buildActionMask = 2147483647;
			files = (
			);
			runOnlyForDeploymentPostprocessing = 0;
		};
/* End PBXResourcesBuildPhase section */

/* Begin PBXSourcesBuildPhase section */
		C415F9511DC3492400E23570 /* Sources */ = {
			isa = PBXSourcesBuildPhase;
			buildActionMask = 2147483647;
			files = (
				C415F9921DC3496200E23570 /* ViewController.m in Sources */,
				C415F9911DC3496200E23570 /* AppDelegate.m in Sources */,
				C415F95A1DC3492400E23570 /* main.m in Sources */,
				C415F9931DC3496200E23570 /* MainViewController.m in Sources */,
			);
			runOnlyForDeploymentPostprocessing = 0;
		};
		C415F96A1DC3492400E23570 /* Sources */ = {
			isa = PBXSourcesBuildPhase;
			buildActionMask = 2147483647;
			files = (
				C415F9731DC3492400E23570 /* IOS__Tests.m in Sources */,
			);
			runOnlyForDeploymentPostprocessing = 0;
		};
		C415F9751DC3492400E23570 /* Sources */ = {
			isa = PBXSourcesBuildPhase;
			buildActionMask = 2147483647;
			files = (
				C415F97E1DC3492400E23570 /* IOS__UITests.m in Sources */,
			);
			runOnlyForDeploymentPostprocessing = 0;
		};
/* End PBXSourcesBuildPhase section */

/* Begin PBXTargetDependency section */
		C415F9701DC3492400E23570 /* PBXTargetDependency */ = {
			isa = PBXTargetDependency;
			target = C415F9541DC3492400E23570 /* IOS扫描 */;
			targetProxy = C415F96F1DC3492400E23570 /* PBXContainerItemProxy */;
		};
		C415F97B1DC3492400E23570 /* PBXTargetDependency */ = {
			isa = PBXTargetDependency;
			target = C415F9541DC3492400E23570 /* IOS扫描 */;
			targetProxy = C415F97A1DC3492400E23570 /* PBXContainerItemProxy */;
		};
/* End PBXTargetDependency section */

/* Begin PBXVariantGroup section */
		C415F9611DC3492400E23570 /* Main.storyboard */ = {
			isa = PBXVariantGroup;
			children = (
				C415F9621DC3492400E23570 /* Base */,
			);
			name = Main.storyboard;
			sourceTree = "<group>";
		};
		C415F9661DC3492400E23570 /* LaunchScreen.storyboard */ = {
			isa = PBXVariantGroup;
			children = (
				C415F9671DC3492400E23570 /* Base */,
			);
			name = LaunchScreen.storyboard;
			sourceTree = "<group>";
		};
/* End PBXVariantGroup section */

/* Begin XCBuildConfiguration section */
		C415F9801DC3492400E23570 /* Debug */ = {
			isa = XCBuildConfiguration;
			buildSettings = {
				ALWAYS_SEARCH_USER_PATHS = NO;
				CLANG_ANALYZER_NONNULL = YES;
				CLANG_CXX_LANGUAGE_STANDARD = "gnu++0x";
				CLANG_CXX_LIBRARY = "libc++";
				CLANG_ENABLE_MODULES = YES;
				CLANG_ENABLE_OBJC_ARC = YES;
				CLANG_WARN_BOOL_CONVERSION = YES;
				CLANG_WARN_CONSTANT_CONVERSION = YES;
				CLANG_WARN_DIRECT_OBJC_ISA_USAGE = YES_ERROR;
				CLANG_WARN_DOCUMENTATION_COMMENTS = YES;
				CLANG_WARN_EMPTY_BODY = YES;
				CLANG_WARN_ENUM_CONVERSION = YES;
				CLANG_WARN_INFINITE_RECURSION = YES;
				CLANG_WARN_INT_CONVERSION = YES;
				CLANG_WARN_OBJC_ROOT_CLASS = YES_ERROR;
				CLANG_WARN_SUSPICIOUS_MOVES = YES;
				CLANG_WARN_UNREACHABLE_CODE = YES;
				CLANG_WARN__DUPLICATE_METHOD_MATCH = YES;
				"CODE_SIGN_IDENTITY[sdk=iphoneos*]" = "iPhone Developer";
				COPY_PHASE_STRIP = NO;
				DEBUG_INFORMATION_FORMAT = dwarf;
				ENABLE_STRICT_OBJC_MSGSEND = YES;
				ENABLE_TESTABILITY = YES;
				GCC_C_LANGUAGE_STANDARD = gnu99;
				GCC_DYNAMIC_NO_PIC = NO;
				GCC_NO_COMMON_BLOCKS = YES;
				GCC_OPTIMIZATION_LEVEL = 0;
				GCC_PREPROCESSOR_DEFINITIONS = (
					"DEBUG=1",
					"$(inherited)",
				);
				GCC_WARN_64_TO_32_BIT_CONVERSION = YES;
				GCC_WARN_ABOUT_RETURN_TYPE = YES_ERROR;
				GCC_WARN_UNDECLARED_SELECTOR = YES;
				GCC_WARN_UNINITIALIZED_AUTOS = YES_AGGRESSIVE;
				GCC_WARN_UNUSED_FUNCTION = YES;
				GCC_WARN_UNUSED_VARIABLE = YES;
				IPHONEOS_DEPLOYMENT_TARGET = 8.0;
				MTL_ENABLE_DEBUG_INFO = YES;
				ONLY_ACTIVE_ARCH = YES;
				SDKROOT = iphoneos;
			};
			name = Debug;
		};
		C415F9811DC3492400E23570 /* Release */ = {
			isa = XCBuildConfiguration;
			buildSettings = {
				ALWAYS_SEARCH_USER_PATHS = NO;
				CLANG_ANALYZER_NONNULL = YES;
				CLANG_CXX_LANGUAGE_STANDARD = "gnu++0x";
				CLANG_CXX_LIBRARY = "libc++";
				CLANG_ENABLE_MODULES = YES;
				CLANG_ENABLE_OBJC_ARC = YES;
				CLANG_WARN_BOOL_CONVERSION = YES;
				CLANG_WARN_CONSTANT_CONVERSION = YES;
				CLANG_WARN_DIRECT_OBJC_ISA_USAGE = YES_ERROR;
				CLANG_WARN_DOCUMENTATION_COMMENTS = YES;
				CLANG_WARN_EMPTY_BODY = YES;
				CLANG_WARN_ENUM_CONVERSION = YES;
				CLANG_WARN_INFINITE_RECURSION = YES;
				CLANG_WARN_INT_CONVERSION = YES;
				CLANG_WARN_OBJC_ROOT_CLASS = YES_ERROR;
				CLANG_WARN_SUSPICIOUS_MOVES = YES;
				CLANG_WARN_UNREACHABLE_CODE = YES;
				CLANG_WARN__DUPLICATE_METHOD_MATCH = YES;
				"CODE_SIGN_IDENTITY[sdk=iphoneos*]" = "iPhone Developer";
				COPY_PHASE_STRIP = NO;
				DEBUG_INFORMATION_FORMAT = "dwarf-with-dsym";
				ENABLE_NS_ASSERTIONS = NO;
				ENABLE_STRICT_OBJC_MSGSEND = YES;
				GCC_C_LANGUAGE_STANDARD = gnu99;
				GCC_NO_COMMON_BLOCKS = YES;
				GCC_WARN_64_TO_32_BIT_CONVERSION = YES;
				GCC_WARN_ABOUT_RETURN_TYPE = YES_ERROR;
				GCC_WARN_UNDECLARED_SELECTOR = YES;
				GCC_WARN_UNINITIALIZED_AUTOS = YES_AGGRESSIVE;
				GCC_WARN_UNUSED_FUNCTION = YES;
				GCC_WARN_UNUSED_VARIABLE = YES;
				IPHONEOS_DEPLOYMENT_TARGET = 8.0;
				MTL_ENABLE_DEBUG_INFO = NO;
				SDKROOT = iphoneos;
				VALIDATE_PRODUCT = YES;
			};
			name = Release;
		};
		C415F9831DC3492400E23570 /* Debug */ = {
			isa = XCBuildConfiguration;
			buildSettings = {
				ASSETCATALOG_COMPILER_APPICON_NAME = AppIcon;
				DEVELOPMENT_TEAM = FPBPA9HHMY;
				FRAMEWORK_SEARCH_PATHS = (
					"$(inherited)",
					"$(PROJECT_DIR)",
				);
				INFOPLIST_FILE = "IOS扫描/Info.plist";
				IPHONEOS_DEPLOYMENT_TARGET = 8.0;
				LD_RUNPATH_SEARCH_PATHS = "$(inherited) @executable_path/Frameworks";
				PRODUCT_BUNDLE_IDENTIFIER = com.apress.IOSzhenjiceshi;
				PRODUCT_NAME = "$(TARGET_NAME)";
			};
			name = Debug;
		};
		C415F9841DC3492400E23570 /* Release */ = {
			isa = XCBuildConfiguration;
			buildSettings = {
				ASSETCATALOG_COMPILER_APPICON_NAME = AppIcon;
				DEVELOPMENT_TEAM = FPBPA9HHMY;
				FRAMEWORK_SEARCH_PATHS = (
					"$(inherited)",
					"$(PROJECT_DIR)",
				);
				INFOPLIST_FILE = "IOS扫描/Info.plist";
				IPHONEOS_DEPLOYMENT_TARGET = 8.0;
				LD_RUNPATH_SEARCH_PATHS = "$(inherited) @executable_path/Frameworks";
				PRODUCT_BUNDLE_IDENTIFIER = com.apress.IOSzhenjiceshi;
				PRODUCT_NAME = "$(TARGET_NAME)";
			};
			name = Release;
		};
		C415F9861DC3492400E23570 /* Debug */ = {
			isa = XCBuildConfiguration;
			buildSettings = {
				BUNDLE_LOADER = "$(TEST_HOST)";
				DEVELOPMENT_TEAM = FPBPA9HHMY;
				INFOPLIST_FILE = "IOS扫描Tests/Info.plist";
				LD_RUNPATH_SEARCH_PATHS = "$(inherited) @executable_path/Frameworks @loader_path/Frameworks";
				PRODUCT_BUNDLE_IDENTIFIER = "com.apress.IOS--Tests";
				PRODUCT_NAME = "$(TARGET_NAME)";
				TEST_HOST = "$(BUILT_PRODUCTS_DIR)/IOS扫描.app/IOS扫描";
			};
			name = Debug;
		};
		C415F9871DC3492400E23570 /* Release */ = {
			isa = XCBuildConfiguration;
			buildSettings = {
				BUNDLE_LOADER = "$(TEST_HOST)";
				DEVELOPMENT_TEAM = FPBPA9HHMY;
				INFOPLIST_FILE = "IOS扫描Tests/Info.plist";
				LD_RUNPATH_SEARCH_PATHS = "$(inherited) @executable_path/Frameworks @loader_path/Frameworks";
				PRODUCT_BUNDLE_IDENTIFIER = "com.apress.IOS--Tests";
				PRODUCT_NAME = "$(TARGET_NAME)";
				TEST_HOST = "$(BUILT_PRODUCTS_DIR)/IOS扫描.app/IOS扫描";
			};
			name = Release;
		};
		C415F9891DC3492400E23570 /* Debug */ = {
			isa = XCBuildConfiguration;
			buildSettings = {
				DEVELOPMENT_TEAM = FPBPA9HHMY;
				INFOPLIST_FILE = "IOS扫描UITests/Info.plist";
				LD_RUNPATH_SEARCH_PATHS = "$(inherited) @executable_path/Frameworks @loader_path/Frameworks";
				PRODUCT_BUNDLE_IDENTIFIER = "com.apress.IOS--UITests";
				PRODUCT_NAME = "$(TARGET_NAME)";
				TEST_TARGET_NAME = "IOS扫描";
			};
			name = Debug;
		};
		C415F98A1DC3492400E23570 /* Release */ = {
			isa = XCBuildConfiguration;
			buildSettings = {
				DEVELOPMENT_TEAM = FPBPA9HHMY;
				INFOPLIST_FILE = "IOS扫描UITests/Info.plist";
				LD_RUNPATH_SEARCH_PATHS = "$(inherited) @executable_path/Frameworks @loader_path/Frameworks";
				PRODUCT_BUNDLE_IDENTIFIER = "com.apress.IOS--UITests";
				PRODUCT_NAME = "$(TARGET_NAME)";
				TEST_TARGET_NAME = "IOS扫描";
			};
			name = Release;
		};
/* End XCBuildConfiguration section */

/* Begin XCConfigurationList section */
		C415F9501DC3492400E23570 /* Build configuration list for PBXProject "IOS扫描" */ = {
			isa = XCConfigurationList;
			buildConfigurations = (
				C415F9801DC3492400E23570 /* Debug */,
				C415F9811DC3492400E23570 /* Release */,
			);
			defaultConfigurationIsVisible = 0;
			defaultConfigurationName = Release;
		};
		C415F9821DC3492400E23570 /* Build configuration list for PBXNativeTarget "IOS扫描" */ = {
			isa = XCConfigurationList;
			buildConfigurations = (
				C415F9831DC3492400E23570 /* Debug */,
				C415F9841DC3492400E23570 /* Release */,
			);
			defaultConfigurationIsVisible = 0;
			defaultConfigurationName = Release;
		};
		C415F9851DC3492400E23570 /* Build configuration list for PBXNativeTarget "IOS扫描Tests" */ = {
			isa = XCConfigurationList;
			buildConfigurations = (
				C415F9861DC3492400E23570 /* Debug */,
				C415F9871DC3492400E23570 /* Release */,
			);
			defaultConfigurationIsVisible = 0;
			defaultConfigurationName = Release;
		};
		C415F9881DC3492400E23570 /* Build configuration list for PBXNativeTarget "IOS扫描UITests" */ = {
			isa = XCConfigurationList;
			buildConfigurations = (
				C415F9891DC3492400E23570 /* Debug */,
				C415F98A1DC3492400E23570 /* Release */,
			);
			defaultConfigurationIsVisible = 0;
			defaultConfigurationName = Release;
		};
/* End XCConfigurationList section */
	};
	rootObject = C415F94D1DC3492400E23570 /* Project object */;
}
